uuid: ab9808dc-9467-494d-9000-bfabdfcfcd9f
langcode: en
status: false
dependencies:
  module:
    - durhamatletico_registration
    - system
  theme:
    - atletico
id: registrationcapacityblock
theme: atletico
region: '-1'
weight: -7
provider: null
plugin: registration_capacity_block
settings:
  id: registration_capacity_block
  label: 'Registration capacity'
  provider: durhamatletico_registration
  label_display: visible
  format: full_html
  capacity: '120'
visibility:
  request_path:
    id: request_path
    pages: '<front>'
    negate: false
    context_mapping: {  }
