{
    "_readme": [
        "This file locks the dependencies of your project to a known state",
        "Read more about it at https://getcomposer.org/doc/01-basic-usage.md#composer-lock-the-lock-file",
        "This file is @generated automatically"
    ],
    "content-hash": "d25e21418618e38a844e241c0ed8d280",
    "packages": [
        {
            "name": "commerceguys/addressing",
            "version": "v0.8.4",
            "source": {
                "type": "git",
                "url": "https://github.com/commerceguys/addressing.git",
                "reference": "5d8d13bfaed08119be763da2a0fc9f38fff8af54"
            },
            "dist": {
                "type": "zip",
                "url": "https://api.github.com/repos/commerceguys/addressing/zipball/5d8d13bfaed08119be763da2a0fc9f38fff8af54",
                "reference": "5d8d13bfaed08119be763da2a0fc9f38fff8af54",
                "shasum": ""
            },
            "require": {
                "commerceguys/enum": "~1.0",
                "doctrine/collections": "~1.0",
                "php": ">=5.4.0"
            },
            "require-dev": {
                "mikey179/vfsstream": "1.*",
                "phpunit/phpunit": "~4.0",
                "squizlabs/php_codesniffer": "2.*",
                "symfony/intl": ">=2.3",
                "symfony/validator": ">=2.3"
            },
            "suggest": {
                "commerceguys/intl": "to use it as the source of country data",
                "symfony/form": "to generate Symfony address forms",
                "symfony/intl": "to use it as the source of country data",
                "symfony/validator": "to validate addresses"
            },
            "type": "library",
            "extra": {
                "branch-alias": {
                    "dev-master": "0.x-dev"
                }
            },
            "autoload": {
                "psr-4": {
                    "CommerceGuys\\Addressing\\": "src"
                }
            },
            "notification-url": "https://packagist.org/downloads/",
            "license": [
                "MIT"
            ],
            "authors": [
                {
                    "name": "Bojan Zivanovic"
                },
                {
                    "name": "Damien Tournoud"
                }
            ],
            "description": "Addressing library powered by Google's address data.",
            "keywords": [
                "address",
                "internationalization",
                "localization",
                "postal"
            ],
            "time": "2016-09-05T18:45:53+00:00"
        },
        {
            "name": "commerceguys/enum",
            "version": "v1.0",
            "source": {
                "type": "git",
                "url": "https://github.com/commerceguys/enum.git",
                "reference": "1d9db2dbeb1a02500e7a14589ae2f9cb402c5c95"
            },
            "dist": {
                "type": "zip",
                "url": "https://api.github.com/repos/commerceguys/enum/zipball/1d9db2dbeb1a02500e7a14589ae2f9cb402c5c95",
                "reference": "1d9db2dbeb1a02500e7a14589ae2f9cb402c5c95",
                "shasum": ""
            },
            "require": {
                "php": ">=5.4.0"
            },
            "require-dev": {
                "phpunit/phpunit": "~4.0"
            },
            "type": "library",
            "autoload": {
                "psr-4": {
                    "CommerceGuys\\Enum\\": "src"
                }
            },
            "notification-url": "https://packagist.org/downloads/",
            "license": [
                "MIT"
            ],
            "authors": [
                {
                    "name": "Bojan Zivanovic"
                }
            ],
            "description": "A PHP 5.4+ enumeration library.",
            "time": "2015-02-27T21:36:56+00:00"
        },
        {
            "name": "commerceguys/intl",
            "version": "dev-master",
            "source": {
                "type": "git",
                "url": "https://github.com/commerceguys/intl.git",
                "reference": "b45469d2d9f23292ebcab4b423c8ba4c882f5476"
            },
            "dist": {
                "type": "zip",
                "url": "https://api.github.com/repos/commerceguys/intl/zipball/b45469d2d9f23292ebcab4b423c8ba4c882f5476",
                "reference": "b45469d2d9f23292ebcab4b423c8ba4c882f5476",
                "shasum": ""
            },
            "require": {
                "php": ">=5.4.0"
            },
            "require-dev": {
                "mikey179/vfsstream": "1.*",
                "phpunit/phpunit": "~4.0"
            },
            "type": "library",
            "extra": {
                "branch-alias": {
                    "dev-master": "0.x-dev"
                }
            },
            "autoload": {
                "psr-4": {
                    "CommerceGuys\\Intl\\": "src"
                }
            },
            "notification-url": "https://packagist.org/downloads/",
            "license": [
                "MIT"
            ],
            "authors": [
                {
                    "name": "Bojan Zivanovic"
                }
            ],
            "description": "Internationalization library powered by CLDR data.",
            "time": "2017-01-13T13:34:19+00:00"
        },
        {
            "name": "commerceguys/zone",
            "version": "v0.7.1",
            "source": {
                "type": "git",
                "url": "https://github.com/commerceguys/zone.git",
                "reference": "685c49bc032305b69b2b9edee0e76bfa9a4830b4"
            },
            "dist": {
                "type": "zip",
                "url": "https://api.github.com/repos/commerceguys/zone/zipball/685c49bc032305b69b2b9edee0e76bfa9a4830b4",
                "reference": "685c49bc032305b69b2b9edee0e76bfa9a4830b4",
                "shasum": ""
            },
            "require": {
                "commerceguys/addressing": "~0.5",
                "doctrine/collections": "~1.0",
                "php": ">=5.4.0"
            },
            "require-dev": {
                "mikey179/vfsstream": "1.*",
                "phpunit/phpunit": "~4.0",
                "symfony/intl": ">=2.3"
            },
            "type": "library",
            "extra": {
                "branch-alias": {
                    "dev-master": "0.x-dev"
                }
            },
            "autoload": {
                "psr-4": {
                    "CommerceGuys\\Zone\\": "src"
                }
            },
            "notification-url": "https://packagist.org/downloads/",
            "license": [
                "MIT"
            ],
            "authors": [
                {
                    "name": "Bojan Zivanovic"
                }
            ],
            "description": "Zone management library.",
            "time": "2015-10-05T15:40:40+00:00"
        },
        {
            "name": "doctrine/collections",
            "version": "v1.4.0",
            "source": {
                "type": "git",
                "url": "https://github.com/doctrine/collections.git",
                "reference": "1a4fb7e902202c33cce8c55989b945612943c2ba"
            },
            "dist": {
                "type": "zip",
                "url": "https://api.github.com/repos/doctrine/collections/zipball/1a4fb7e902202c33cce8c55989b945612943c2ba",
                "reference": "1a4fb7e902202c33cce8c55989b945612943c2ba",
                "shasum": ""
            },
            "require": {
                "php": "^5.6 || ^7.0"
            },
            "require-dev": {
                "doctrine/coding-standard": "~0.1@dev",
                "phpunit/phpunit": "^5.7"
            },
            "type": "library",
            "extra": {
                "branch-alias": {
                    "dev-master": "1.3.x-dev"
                }
            },
            "autoload": {
                "psr-0": {
                    "Doctrine\\Common\\Collections\\": "lib/"
                }
            },
            "notification-url": "https://packagist.org/downloads/",
            "license": [
                "MIT"
            ],
            "authors": [
                {
                    "name": "Roman Borschel",
                    "email": "roman@code-factory.org"
                },
                {
                    "name": "Benjamin Eberlei",
                    "email": "kontakt@beberlei.de"
                },
                {
                    "name": "Guilherme Blanco",
                    "email": "guilhermeblanco@gmail.com"
                },
                {
                    "name": "Jonathan Wage",
                    "email": "jonwage@gmail.com"
                },
                {
                    "name": "Johannes Schmitt",
                    "email": "schmittjoh@gmail.com"
                }
            ],
            "description": "Collections Abstraction library",
            "homepage": "http://www.doctrine-project.org",
            "keywords": [
                "array",
                "collections",
                "iterator"
            ],
            "time": "2017-01-03T10:49:41+00:00"
        }
    ],
    "packages-dev": [],
    "aliases": [],
    "minimum-stability": "dev",
    "stability-flags": [],
    "prefer-stable": false,
    "prefer-lowest": false,
    "platform": [],
    "platform-dev": []
}
